<?xml version="1.0" encoding="utf-8"?>
<Project ToolsVersion="Current" xmlns="http://schemas.microsoft.com/developer/msbuild/2003">
  <ItemGroup>
    <Filter Include="Resources">
      <UniqueIdentifier>{ac80c6a1-ac7f-41cb-b723-b76e676ec4c9}</UniqueIdentifier>
    </Filter>
    <Filter Include="Sources">
      <UniqueIdentifier>{60909f0e-30d5-4269-973f-647e2e5a56ad}</UniqueIdentifier>
    </Filter>
  </ItemGroup>
  <ItemGroup>
    <ClInclude Include="..\pipl\resources.h">
      <Filter>Resources</Filter>
    </ClInclude>
  </ItemGroup>
  <ItemGroup>
    <CustomBuild Include="..\pipl\p4ae.r">
      <Filter>Resources</Filter>
    </CustomBuild>
  </ItemGroup>
  <ItemGroup>
    <ClCompile Include="..\src\p4ae.cc">
      <Filter>Sources</Filter>
    </ClCompile>
    <ClCompile Include="..\include\aesdk\utils\Smart_Utils.cpp" />
    <ClCompile Include="..\include\aesdk\utils\AEGP_SuiteHandler.cpp" />
    <ClCompile Include="..\include\aesdk\utils\MissingSuiteError.cpp" />
  </ItemGroup>
</Project>